
Microsoft Visual Studio Solution File, Format Version 12.00
# Visual Studio 2013
VisualStudioVersion = 12.0.31101.0
MinimumVisualStudioVersion = 10.0.40219.1
Project("{FAE04EC0-301F-11D3-BF4B-00C04F79EFBC}") = "DivineInject", "DivineInject\DivineInject.csproj", "{79F0C2AC-B84C-4B3F-82EA-964CDD28889D}"
EndProject
Project("{FAE04EC0-301F-11D3-BF4B-00C04F79EFBC}") = "DivingInject.Test", "DivingInject.Test\DivingInject.Test.csproj", "{CFC291E2-CC4A-4DAB-9D13-CE17A60E9BDA}"
EndProject
Global
	GlobalSection(SolutionConfigurationPlatforms) = preSolution
		Debug|Any CPU = Debug|Any CPU
		Release|Any CPU = Release|Any CPU
	EndGlobalSection
	GlobalSection(ProjectConfigurationPlatforms) = postSolution
		{79F0C2AC-B84C-4B3F-82EA-964CDD28889D}.Debug|Any CPU.ActiveCfg = Debug|Any CPU
		{79F0C2AC-B84C-4B3F-82EA-964CDD28889D}.Debug|Any CPU.Build.0 = Debug|Any CPU
		{79F0C2AC-B84C-4B3F-82EA-964CDD28889D}.Release|Any CPU.ActiveCfg = Release|Any CPU
		{79F0C2AC-B84C-4B3F-82EA-964CDD28889D}.Release|Any CPU.Build.0 = Release|Any CPU
		{CFC291E2-CC4A-4DAB-9D13-CE17A60E9BDA}.Debug|Any CPU.ActiveCfg = Debug|Any CPU
		{CFC291E2-CC4A-4DAB-9D13-CE17A60E9BDA}.Debug|Any CPU.Build.0 = Debug|Any CPU
		{CFC291E2-CC4A-4DAB-9D13-CE17A60E9BDA}.Release|Any CPU.ActiveCfg = Release|Any CPU
		{CFC291E2-CC4A-4DAB-9D13-CE17A60E9BDA}.Release|Any CPU.Build.0 = Release|Any CPU
	EndGlobalSection
	GlobalSection(SolutionProperties) = preSolution
		HideSolutionNode = FALSE
	EndGlobalSection
EndGlobal
